{
  "name": "brizbee-angular",
  "version": "1.0.0",
  "lockfileVersion": 1,
  "requires": true,
  "dependencies": {
    "angular": {
      "version": "1.7.3",
      "resolved": "https://registry.npmjs.org/angular/-/angular-1.7.3.tgz",
      "integrity": "sha512-hQRhU56shs72y88cS0Uy9g+UAMHoztJ3V+r+iF8o1AK/Bpu8ewmjFDk9j2LjSuN05a9mhxW1rOHnYKOwyTS/Zg=="
    },
    "angular-animate": {
      "version": "1.7.3",
      "resolved": "https://registry.npmjs.org/angular-animate/-/angular-animate-1.7.3.tgz",
      "integrity": "sha512-RIYQhql+jUU13jwTrXemSMYTfbGuLBr7jh67R3UbR2yCQ8IOxcXHn2tx+hm8PwXX8agsFAQjWSPP5wam5ecuSg=="
    },
    "angular-cookies": {
      "version": "1.7.3",
      "resolved": "https://registry.npmjs.org/angular-cookies/-/angular-cookies-1.7.3.tgz",
      "integrity": "sha512-r44v9cFZv/mkQ1zAu/YJuWB2KJwdEP1XO3WfPzxrgR05y/WacykNdCNouSJ4sW3w8WU4rQtGO5o3/QIepwci6Q=="
    },
    "angular-input-masks": {
      "version": "4.2.1",
      "resolved": "https://registry.npmjs.org/angular-input-masks/-/angular-input-masks-4.2.1.tgz",
      "integrity": "sha512-SHGItayfo5ciSZ0qNzToPeMl7S884oGwiEcSeNzRzFG5DTM5QU+SN0kIBryqVWO9ub8QW2TrzU5br9iWiMQwSA==",
      "requires": {
        "br-validations": "0.3.1",
        "date-fns": "2.0.0-alpha.7",
        "string-mask": "0.3.0"
      }
    },
    "angular-route": {
      "version": "1.7.3",
      "resolved": "https://registry.npmjs.org/angular-route/-/angular-route-1.7.3.tgz",
      "integrity": "sha512-/x6kLCeiG9BCi4DZeuuPfK1G05w69uwu7x69hL4eqSq5VOUkmkbFK1oM2pIKPwkATSYT2QKK0rwPydZNBUvCsw=="
    },
    "angular-touch": {
      "version": "1.7.3",
      "resolved": "https://registry.npmjs.org/angular-touch/-/angular-touch-1.7.3.tgz",
      "integrity": "sha512-U0N70NL5MnqVRkja3Zsx4OgnqCYRKuA8SLNMZHzkRzorA4+X/SnLhNLx9gluVIussefkwIGz/4Rnfat16lFoCQ=="
    },
    "angular-ui-bootstrap": {
      "version": "2.5.6",
      "resolved": "https://registry.npmjs.org/angular-ui-bootstrap/-/angular-ui-bootstrap-2.5.6.tgz",
      "integrity": "sha512-yzcHpPMLQl0232nDzm5P4iAFTFQ9dMw0QgFLuKYbDj9M0xJ62z0oudYD/Lvh1pWfRsukiytP4Xj6BHOSrSXP8A=="
    },
    "bootstrap": {
      "version": "3.3.7",
      "resolved": "https://registry.npmjs.org/bootstrap/-/bootstrap-3.3.7.tgz",
      "integrity": "sha1-WjiTlFSfIzMIdaOxUGVldPip63E="
    },
    "br-validations": {
      "version": "0.3.1",
      "resolved": "https://registry.npmjs.org/br-validations/-/br-validations-0.3.1.tgz",
      "integrity": "sha1-TkWk4HStruorfgiLwON63pt2Nk0="
    },
    "date-fns": {
      "version": "2.0.0-alpha.7",
      "resolved": "https://registry.npmjs.org/date-fns/-/date-fns-2.0.0-alpha.7.tgz",
      "integrity": "sha1-JFrRb5V2Tqur+ywKQf1dAzwg5Xo="
    },
    "jquery": {
      "version": "3.3.1",
      "resolved": "https://registry.npmjs.org/jquery/-/jquery-3.3.1.tgz",
      "integrity": "sha512-Ubldcmxp5np52/ENotGxlLe6aGMvmF4R8S6tZjsP6Knsaxd/xp3Zrh50cG93lR6nPXyUFwzN3ZSOQI0wRJNdGg=="
    },
    "jquery.alphanum": {
      "version": "1.0.26",
      "resolved": "https://registry.npmjs.org/jquery.alphanum/-/jquery.alphanum-1.0.26.tgz",
      "integrity": "sha512-0QA/jFoUjoPJzT9ltWc69Td/fSOqJIpAW+u29jC2USyIh+RiFYcxKduTPKasNdIj2Fdb2noeJ4eKbT+XJMnnwg=="
    },
    "lodash": {
      "version": "4.17.11",
      "resolved": "https://registry.npmjs.org/lodash/-/lodash-4.17.11.tgz",
      "integrity": "sha512-cQKh8igo5QUhZ7lg38DYWAxMvjSAKG0A8wGSVimP07SIUEK2UO+arSRKbRZWtelMtN5V0Hkwh5ryOto/SshYIg=="
    },
    "moment": {
      "version": "2.22.2",
      "resolved": "https://registry.npmjs.org/moment/-/moment-2.22.2.tgz",
      "integrity": "sha1-PCV/mDn8DpP/UxSWMiOeuQeD/2Y="
    },
    "moment-timezone": {
      "version": "0.5.23",
      "resolved": "https://registry.npmjs.org/moment-timezone/-/moment-timezone-0.5.23.tgz",
      "integrity": "sha512-WHFH85DkCfiNMDX5D3X7hpNH3/PUhjTGcD0U1SgfBGZxJ3qUmJh5FdvaFjcClxOvB3rzdfj4oRffbI38jEnC1w==",
      "requires": {
        "moment": "2.22.2"
      }
    },
    "string-mask": {
      "version": "0.3.0",
      "resolved": "https://registry.npmjs.org/string-mask/-/string-mask-0.3.0.tgz",
      "integrity": "sha1-nnJEuHuy9vlkfirJj5b6GlfCEZg="
    }
  }
}
