{
  "name": "brizbee-angular",
  "version": "1.0.0",
  "lockfileVersion": 1,
  "requires": true,
  "dependencies": {
    "angular": {
      "version": "1.7.8",
      "resolved": "https://registry.npmjs.org/angular/-/angular-1.7.8.tgz",
      "integrity": "sha512-wtef/y4COxM7ZVhddd7JtAAhyYObq9YXKar9tsW7558BImeVYteJiTxCKeJOL45lJ/+7B4wrAC49j8gTFYEthg=="
    },
    "angular-animate": {
      "version": "1.7.8",
      "resolved": "https://registry.npmjs.org/angular-animate/-/angular-animate-1.7.8.tgz",
      "integrity": "sha512-bINtzizq7TbJzfVrDpwLfTxVl0Qd7fRNWFb5jKYI1vaFZobQNX/QONXlLow6ySsDbZ6eLECycB7mvWtfh1YYaw=="
    },
    "angular-cookies": {
      "version": "1.7.8",
      "resolved": "https://registry.npmjs.org/angular-cookies/-/angular-cookies-1.7.8.tgz",
      "integrity": "sha512-oS2X8XLYyLrwSBUKmcGkHxphwTtAEdi3eriSwMX/WUl5D6fRZ4EcBY4DaHN+tYDnzJ1i2lFa82/oq0kTKxZmyg=="
    },
    "angular-input-masks": {
      "version": "4.2.1",
      "resolved": "https://registry.npmjs.org/angular-input-masks/-/angular-input-masks-4.2.1.tgz",
      "integrity": "sha512-SHGItayfo5ciSZ0qNzToPeMl7S884oGwiEcSeNzRzFG5DTM5QU+SN0kIBryqVWO9ub8QW2TrzU5br9iWiMQwSA==",
      "requires": {
        "br-validations": "0.3.1",
        "date-fns": "2.0.0-alpha.7",
        "string-mask": "0.3.0"
      }
    },
    "angular-route": {
      "version": "1.7.8",
      "resolved": "https://registry.npmjs.org/angular-route/-/angular-route-1.7.8.tgz",
      "integrity": "sha512-VVk89PH0fsY5kfbx+N7IVX1IwnaPWYhMGY0uA+rjej2v1sjvrTx1SLkxUK4E0UpW1hXeLJhN7ncBcwoBiPtAtA=="
    },
    "angular-touch": {
      "version": "1.7.8",
      "resolved": "https://registry.npmjs.org/angular-touch/-/angular-touch-1.7.8.tgz",
      "integrity": "sha512-YCpirIDueMIRJfSZg0glzqTfr3HyGx0/DeZorN3TkFelYj0YwxvwldQm2NcqpQR3SNfEj7ZbkcrXl1ekTILQOw=="
    },
    "angular-ui-bootstrap": {
      "version": "2.5.6",
      "resolved": "https://registry.npmjs.org/angular-ui-bootstrap/-/angular-ui-bootstrap-2.5.6.tgz",
      "integrity": "sha512-yzcHpPMLQl0232nDzm5P4iAFTFQ9dMw0QgFLuKYbDj9M0xJ62z0oudYD/Lvh1pWfRsukiytP4Xj6BHOSrSXP8A=="
    },
    "animate.css": {
      "version": "3.7.0",
      "resolved": "https://registry.npmjs.org/animate.css/-/animate.css-3.7.0.tgz",
      "integrity": "sha512-u3iMXDJr0cxMdQocIciDiou9Au4L5f9uT+/jCtprw3s1j3HcfCuI+khF+90Ps2KdsEhM2soF7SXB4WUvI3HlXg=="
    },
    "bootstrap": {
      "version": "3.3.7",
      "resolved": "https://registry.npmjs.org/bootstrap/-/bootstrap-3.3.7.tgz",
      "integrity": "sha1-WjiTlFSfIzMIdaOxUGVldPip63E="
    },
    "br-validations": {
      "version": "0.3.1",
      "resolved": "https://registry.npmjs.org/br-validations/-/br-validations-0.3.1.tgz",
      "integrity": "sha1-TkWk4HStruorfgiLwON63pt2Nk0="
    },
    "date-fns": {
      "version": "2.0.0-alpha.7",
      "resolved": "https://registry.npmjs.org/date-fns/-/date-fns-2.0.0-alpha.7.tgz",
      "integrity": "sha1-JFrRb5V2Tqur+ywKQf1dAzwg5Xo="
    },
    "font-awesome": {
      "version": "4.7.0",
      "resolved": "https://registry.npmjs.org/font-awesome/-/font-awesome-4.7.0.tgz",
      "integrity": "sha1-j6jPBBGhoxr9B7BtKQK7n8gVoTM="
    },
    "jquery": {
      "version": "3.3.1",
      "resolved": "https://registry.npmjs.org/jquery/-/jquery-3.3.1.tgz",
      "integrity": "sha512-Ubldcmxp5np52/ENotGxlLe6aGMvmF4R8S6tZjsP6Knsaxd/xp3Zrh50cG93lR6nPXyUFwzN3ZSOQI0wRJNdGg=="
    },
    "jquery.alphanum": {
      "version": "1.0.26",
      "resolved": "https://registry.npmjs.org/jquery.alphanum/-/jquery.alphanum-1.0.26.tgz",
      "integrity": "sha512-0QA/jFoUjoPJzT9ltWc69Td/fSOqJIpAW+u29jC2USyIh+RiFYcxKduTPKasNdIj2Fdb2noeJ4eKbT+XJMnnwg=="
    },
    "lodash": {
      "version": "4.17.11",
      "resolved": "https://registry.npmjs.org/lodash/-/lodash-4.17.11.tgz",
      "integrity": "sha512-cQKh8igo5QUhZ7lg38DYWAxMvjSAKG0A8wGSVimP07SIUEK2UO+arSRKbRZWtelMtN5V0Hkwh5ryOto/SshYIg=="
    },
    "moment": {
      "version": "2.24.0",
      "resolved": "https://registry.npmjs.org/moment/-/moment-2.24.0.tgz",
      "integrity": "sha512-bV7f+6l2QigeBBZSM/6yTNq4P2fNpSWj/0e7jQcy87A8e7o2nAfP/34/2ky5Vw4B9S446EtIhodAzkFCcR4dQg=="
    },
    "moment-timezone": {
      "version": "0.5.25",
      "resolved": "https://registry.npmjs.org/moment-timezone/-/moment-timezone-0.5.25.tgz",
      "integrity": "sha512-DgEaTyN/z0HFaVcVbSyVCUU6HeFdnNC3vE4c9cgu2dgMTvjBUBdBzWfasTBmAW45u5OIMeCJtU8yNjM22DHucw==",
      "requires": {
        "moment": "2.24.0"
      }
    },
    "string-mask": {
      "version": "0.3.0",
      "resolved": "https://registry.npmjs.org/string-mask/-/string-mask-0.3.0.tgz",
      "integrity": "sha1-nnJEuHuy9vlkfirJj5b6GlfCEZg="
    }
  }
}
